<?xml version="1.0" encoding="utf-8"?>
<Project ToolsVersion="4.0" xmlns="http://schemas.microsoft.com/developer/msbuild/2003">
  <ItemGroup>
    <Filter Include="Source Files">
      <UniqueIdentifier>{4FC737F1-C7A5-4376-A066-2A32D752A2FF}</UniqueIdentifier>
      <Extensions>cpp;c;cc;cxx;def;odl;idl;hpj;bat;asm;asmx</Extensions>
    </Filter>
    <Filter Include="Header Files">
      <UniqueIdentifier>{93995380-89BD-4b04-88EB-625FBE52EBFB}</UniqueIdentifier>
      <Extensions>h;hh;hpp;hxx;hm;inl;inc;xsd</Extensions>
    </Filter>
    <Filter Include="Resource Files">
      <UniqueIdentifier>{67DA6AB6-F800-4c08-8B7A-83BB121AAD01}</UniqueIdentifier>
      <Extensions>rc;ico;cur;bmp;dlg;rc2;rct;bin;rgs;gif;jpg;jpeg;jpe;resx;tiff;tif;png;wav;mfcribbon-ms</Extensions>
    </Filter>
    <Filter Include="Form Files">
      <UniqueIdentifier>{99349809-55BA-4b9d-BF79-8FDBB0286EB3}</UniqueIdentifier>
      <Extensions>ui</Extensions>
    </Filter>
    <Filter Include="Resource Files">
      <UniqueIdentifier>{D9D6E242-F8AF-46E4-B9FD-80ECBC20BA3E}</UniqueIdentifier>
      <Extensions>qrc;*</Extensions>
      <ParseFiles>false</ParseFiles>
    </Filter>
  </ItemGroup>
  <ItemGroup>
    <QtUic Include="MusicVisualization.ui">
      <Filter>Resource Files</Filter>
    </QtUic>
    <QtMoc Include="MusicVisualization.h">
      <Filter>Header Files</Filter>
    </QtMoc>
    <ClCompile Include="MusicVisualization.cpp">
      <Filter>Source Files</Filter>
    </ClCompile>
    <QtUic Include="src\View\ThreeChoices\ThreeChoicesWindow.ui">
      <Filter>Form Files</Filter>
    </QtUic>
    <QtUic Include="src\View\Common\WaitingLoadingWindow.ui">
      <Filter>Form Files</Filter>
    </QtUic>
    <QtUic Include="src\View\Common\TopWindow.ui">
      <Filter>Form Files</Filter>
    </QtUic>
    <QtUic Include="src\View\DisplayVideos\DisplayVideosWindow.ui">
      <Filter>Form Files</Filter>
    </QtUic>
    <QtUic Include="src\View\DisplayVideos\VideoItem.ui">
      <Filter>Form Files</Filter>
    </QtUic>
    <QtUic Include="src\View\CreateVideos\CreateVideoWindow.ui">
      <Filter>Form Files</Filter>
    </QtUic>
    <QtUic Include="src\View\CreateVideos\NewNameWindow.ui">
      <Filter>Form Files</Filter>
    </QtUic>
    <QtUic Include="src\View\CreateVideos\ReminderWidget.ui">
      <Filter>Form Files</Filter>
    </QtUic>
    <QtUic Include="src\View\ContinueChoose\ContinueChooseWindow.ui">
      <Filter>Form Files</Filter>
    </QtUic>
    <QtUic Include="src\View\ContinueChoose\UnfinishedItem.ui">
      <Filter>Form Files</Filter>
    </QtUic>
  </ItemGroup>
  <ItemGroup>
    <ClCompile Include="main.cpp">
      <Filter>Source Files</Filter>
    </ClCompile>
    <ClCompile Include="src\Module\Tables\CompletedVideoTable.cpp">
      <Filter>Source Files</Filter>
    </ClCompile>
    <ClCompile Include="src\Module\Tables\SqliteManager.cpp">
      <Filter>Source Files</Filter>
    </ClCompile>
    <ClCompile Include="src\View\ThreeChoices\ThreeChoicesWindow.cpp">
      <Filter>Source Files</Filter>
    </ClCompile>
    <ClCompile Include="src\View\Common\WaitingLoadingWindow.cpp">
      <Filter>Source Files</Filter>
    </ClCompile>
    <ClCompile Include="src\View\Common\WaitImageWidget.cpp">
      <Filter>Source Files</Filter>
    </ClCompile>
    <ClCompile Include="src\View\Common\TopWindow.cpp">
      <Filter>Source Files</Filter>
    </ClCompile>
    <ClCompile Include="src\View\DisplayVideos\DisplayVideosWindow.cpp">
      <Filter>Source Files</Filter>
    </ClCompile>
    <ClCompile Include="src\View\DisplayVideos\VideoItem.cpp">
      <Filter>Source Files</Filter>
    </ClCompile>
    <ClCompile Include="src\View\CreateVideos\CreateVideoWindow.cpp">
      <Filter>Source Files</Filter>
    </ClCompile>
    <ClCompile Include="src\View\CreateVideos\NewNameWindow.cpp">
      <Filter>Source Files</Filter>
    </ClCompile>
    <ClCompile Include="src\View\CreateVideos\ReminderWidget.cpp">
      <Filter>Source Files</Filter>
    </ClCompile>
    <ClCompile Include="src\View\ContinueChoose\ContinueChooseWindow.cpp">
      <Filter>Source Files</Filter>
    </ClCompile>
    <ClCompile Include="src\View\ContinueChoose\UnfinishedItem.cpp">
      <Filter>Source Files</Filter>
    </ClCompile>
    <ClCompile Include="src\Model\JsonDataModel.cpp">
      <Filter>Source Files</Filter>
    </ClCompile>
    <ClCompile Include="src\Model\VideoDataModel.cpp">
      <Filter>Source Files</Filter>
    </ClCompile>
    <ClCompile Include="src\Model\CreateDataModel.cpp">
      <Filter>Source Files</Filter>
    </ClCompile>
    <ClCompile Include="src\Module\Tables\CreateVideoTable.cpp">
      <Filter>Source Files</Filter>
    </ClCompile>
    <ClCompile Include="src\Module\Http\MyHttp.cpp">
      <Filter>Source Files</Filter>
    </ClCompile>
    <ClCompile Include="src\Controller\CreateVideoControl.cpp">
      <Filter>Source Files</Filter>
    </ClCompile>
    <ClCompile Include="src\Module\QtWidget\ResPushButton.cpp">
      <Filter>Source Files</Filter>
    </ClCompile>
  </ItemGroup>
  <ItemGroup>
    <QtRcc Include="MusicVisualization.qrc" />
  </ItemGroup>
  <ItemGroup>
    <ClInclude Include="src\Module\Tables\CompletedVideoTable.h">
      <Filter>Header Files</Filter>
    </ClInclude>
    <ClInclude Include="src\Module\Tables\CommonErrorCode.h">
      <Filter>Header Files</Filter>
    </ClInclude>
    <ClInclude Include="src\Module\Tables\SqliteManager.h">
      <Filter>Header Files</Filter>
    </ClInclude>
    <ClInclude Include="src\Module\Tables\CommonData.h">
      <Filter>Header Files</Filter>
    </ClInclude>
    <ClInclude Include="src\Model\JsonDataModel.h">
      <Filter>Header Files</Filter>
    </ClInclude>
    <ClInclude Include="src\Model\VideoDataModel.h">
      <Filter>Header Files</Filter>
    </ClInclude>
    <ClInclude Include="src\Model\CreateDataModel.h">
      <Filter>Header Files</Filter>
    </ClInclude>
    <ClInclude Include="src\Module\Tables\CreateVideoTable.h">
      <Filter>Header Files</Filter>
    </ClInclude>
    <ClInclude Include="src\Module\Http\MyHttp.h">
      <Filter>Header Files</Filter>
    </ClInclude>
    <ClInclude Include="src\Controller\CreateVideoControl.h">
      <Filter>Header Files</Filter>
    </ClInclude>
  </ItemGroup>
  <ItemGroup>
    <QtMoc Include="src\View\ThreeChoices\ThreeChoicesWindow.h">
      <Filter>Header Files</Filter>
    </QtMoc>
    <QtMoc Include="src\View\Common\WaitingLoadingWindow.h">
      <Filter>Header Files</Filter>
    </QtMoc>
    <QtMoc Include="src\View\Common\WaitImageWidget.h">
      <Filter>Header Files</Filter>
    </QtMoc>
    <QtMoc Include="src\View\Common\TopWindow.h">
      <Filter>Header Files</Filter>
    </QtMoc>
    <QtMoc Include="src\View\DisplayVideos\DisplayVideosWindow.h">
      <Filter>Header Files</Filter>
    </QtMoc>
    <QtMoc Include="src\View\DisplayVideos\VideoItem.h">
      <Filter>Header Files</Filter>
    </QtMoc>
    <QtMoc Include="src\View\CreateVideos\CreateVideoWindow.h">
      <Filter>Header Files</Filter>
    </QtMoc>
    <QtMoc Include="src\View\CreateVideos\NewNameWindow.h">
      <Filter>Header Files</Filter>
    </QtMoc>
    <QtMoc Include="src\View\CreateVideos\ReminderWidget.h">
      <Filter>Header Files</Filter>
    </QtMoc>
    <QtMoc Include="src\View\ContinueChoose\ContinueChooseWindow.h">
      <Filter>Header Files</Filter>
    </QtMoc>
    <QtMoc Include="src\View\ContinueChoose\UnfinishedItem.h">
      <Filter>Header Files</Filter>
    </QtMoc>
    <QtMoc Include="src\Module\QtWidget\ResPushButton.h">
      <Filter>Header Files</Filter>
    </QtMoc>
  </ItemGroup>
</Project>